// !$*UTF8*$!
{
	archiveVersion = 1;
	classes = {
	};
	objectVersion = 55;
	objects = {

/* Begin PBXBuildFile section */
		21BDB8B26D9EB4D913BDC66F /* Pods_Flix.framework in Frameworks */ = {isa = PBXBuildFile; fileRef = CCA6CB80DB0A12D40AED82B7 /* Pods_Flix.framework */; };
		4C26B41C55EA4226DE172D13 /* Pods_Flix_FlixUITests.framework in Frameworks */ = {isa = PBXBuildFile; fileRef = 7CA9FBA2CC7CF862E7C2BAD2 /* Pods_Flix_FlixUITests.framework */; };
		612A15FE28D9715400BE5483 /* MoiveDetailsViewController.swift in Sources */ = {isa = PBXBuildFile; fileRef = 612A15FD28D9715400BE5483 /* MoiveDetailsViewController.swift */; };
		612A160028D98AEA00BE5483 /* MoiveGridViewController.swift in Sources */ = {isa = PBXBuildFile; fileRef = 612A15FF28D98AEA00BE5483 /* MoiveGridViewController.swift */; };
		612A160228D98E3E00BE5483 /* MovieGridCell.swift in Sources */ = {isa = PBXBuildFile; fileRef = 612A160128D98E3E00BE5483 /* MovieGridCell.swift */; };
		616917E428D0048500071BD8 /* AppDelegate.swift in Sources */ = {isa = PBXBuildFile; fileRef = 616917E328D0048500071BD8 /* AppDelegate.swift */; };
		616917E628D0048500071BD8 /* SceneDelegate.swift in Sources */ = {isa = PBXBuildFile; fileRef = 616917E528D0048500071BD8 /* SceneDelegate.swift */; };
		616917E828D0048500071BD8 /* MoviesViewController.swift in Sources */ = {isa = PBXBuildFile; fileRef = 616917E728D0048500071BD8 /* MoviesViewController.swift */; };
		616917EB28D0048500071BD8 /* Main.storyboard in Resources */ = {isa = PBXBuildFile; fileRef = 616917E928D0048500071BD8 /* Main.storyboard */; };
		616917ED28D0048F00071BD8 /* Assets.xcassets in Resources */ = {isa = PBXBuildFile; fileRef = 616917EC28D0048F00071BD8 /* Assets.xcassets */; };
		616917F028D0048F00071BD8 /* LaunchScreen.storyboard in Resources */ = {isa = PBXBuildFile; fileRef = 616917EE28D0048F00071BD8 /* LaunchScreen.storyboard */; };
		616917FB28D0049000071BD8 /* FlixTests.swift in Sources */ = {isa = PBXBuildFile; fileRef = 616917FA28D0049000071BD8 /* FlixTests.swift */; };
		6169180528D0049000071BD8 /* FlixUITests.swift in Sources */ = {isa = PBXBuildFile; fileRef = 6169180428D0049000071BD8 /* FlixUITests.swift */; };
		6169180728D0049000071BD8 /* FlixUITestsLaunchTests.swift in Sources */ = {isa = PBXBuildFile; fileRef = 6169180628D0049000071BD8 /* FlixUITestsLaunchTests.swift */; };
		6169181428D0D61600071BD8 /* MovieCell.swift in Sources */ = {isa = PBXBuildFile; fileRef = 6169181328D0D61500071BD8 /* MovieCell.swift */; };
		6169181728D0E90B00071BD8 /* AlamofireImage in Frameworks */ = {isa = PBXBuildFile; productRef = 6169181628D0E90B00071BD8 /* AlamofireImage */; };
		6C981BCD2FC81D318799FFFF /* Pods_FlixTests.framework in Frameworks */ = {isa = PBXBuildFile; fileRef = 043EF1A6389F3E68816539DC /* Pods_FlixTests.framework */; };
/* End PBXBuildFile section */

/* Begin PBXContainerItemProxy section */
		616917F728D0049000071BD8 /* PBXContainerItemProxy */ = {
			isa = PBXContainerItemProxy;
			containerPortal = 616917D828D0048500071BD8 /* Project object */;
			proxyType = 1;
			remoteGlobalIDString = 616917DF28D0048500071BD8;
			remoteInfo = Flix;
		};
		6169180128D0049000071BD8 /* PBXContainerItemProxy */ = {
			isa = PBXContainerItemProxy;
			containerPortal = 616917D828D0048500071BD8 /* Project object */;
			proxyType = 1;
			remoteGlobalIDString = 616917DF28D0048500071BD8;
			remoteInfo = Flix;
		};
/* End PBXContainerItemProxy section */

/* Begin PBXFileReference section */
		043EF1A6389F3E68816539DC /* Pods_FlixTests.framework */ = {isa = PBXFileReference; explicitFileType = wrapper.framework; includeInIndex = 0; path = Pods_FlixTests.framework; sourceTree = BUILT_PRODUCTS_DIR; };
		1937DC87CCC073A47F348665 /* Pods-Flix-FlixUITests.release.xcconfig */ = {isa = PBXFileReference; includeInIndex = 1; lastKnownFileType = text.xcconfig; name = "Pods-Flix-FlixUITests.release.xcconfig"; path = "Target Support Files/Pods-Flix-FlixUITests/Pods-Flix-FlixUITests.release.xcconfig"; sourceTree = "<group>"; };
		1A1686644B17529CD46FF911 /* Pods-FlixTests.release.xcconfig */ = {isa = PBXFileReference; includeInIndex = 1; lastKnownFileType = text.xcconfig; name = "Pods-FlixTests.release.xcconfig"; path = "Target Support Files/Pods-FlixTests/Pods-FlixTests.release.xcconfig"; sourceTree = "<group>"; };
		3727AB1EC752264A45CA6861 /* Pods-Flix-FlixUITests.debug.xcconfig */ = {isa = PBXFileReference; includeInIndex = 1; lastKnownFileType = text.xcconfig; name = "Pods-Flix-FlixUITests.debug.xcconfig"; path = "Target Support Files/Pods-Flix-FlixUITests/Pods-Flix-FlixUITests.debug.xcconfig"; sourceTree = "<group>"; };
		38070CB37B9CA166D47DADAD /* Pods-FlixTests.debug.xcconfig */ = {isa = PBXFileReference; includeInIndex = 1; lastKnownFileType = text.xcconfig; name = "Pods-FlixTests.debug.xcconfig"; path = "Target Support Files/Pods-FlixTests/Pods-FlixTests.debug.xcconfig"; sourceTree = "<group>"; };
		612A15FD28D9715400BE5483 /* MoiveDetailsViewController.swift */ = {isa = PBXFileReference; lastKnownFileType = sourcecode.swift; path = MoiveDetailsViewController.swift; sourceTree = "<group>"; };
		612A15FF28D98AEA00BE5483 /* MoiveGridViewController.swift */ = {isa = PBXFileReference; lastKnownFileType = sourcecode.swift; path = MoiveGridViewController.swift; sourceTree = "<group>"; };
		612A160128D98E3E00BE5483 /* MovieGridCell.swift */ = {isa = PBXFileReference; lastKnownFileType = sourcecode.swift; path = MovieGridCell.swift; sourceTree = "<group>"; };
		616917E028D0048500071BD8 /* Flix.app */ = {isa = PBXFileReference; explicitFileType = wrapper.application; includeInIndex = 0; path = Flix.app; sourceTree = BUILT_PRODUCTS_DIR; };
		616917E328D0048500071BD8 /* AppDelegate.swift */ = {isa = PBXFileReference; lastKnownFileType = sourcecode.swift; path = AppDelegate.swift; sourceTree = "<group>"; };
		616917E528D0048500071BD8 /* SceneDelegate.swift */ = {isa = PBXFileReference; lastKnownFileType = sourcecode.swift; path = SceneDelegate.swift; sourceTree = "<group>"; };
		616917E728D0048500071BD8 /* MoviesViewController.swift */ = {isa = PBXFileReference; lastKnownFileType = sourcecode.swift; path = MoviesViewController.swift; sourceTree = "<group>"; };
		616917EA28D0048500071BD8 /* Base */ = {isa = PBXFileReference; lastKnownFileType = file.storyboard; name = Base; path = Base.lproj/Main.storyboard; sourceTree = "<group>"; };
		616917EC28D0048F00071BD8 /* Assets.xcassets */ = {isa = PBXFileReference; lastKnownFileType = folder.assetcatalog; path = Assets.xcassets; sourceTree = "<group>"; };
		616917EF28D0048F00071BD8 /* Base */ = {isa = PBXFileReference; lastKnownFileType = file.storyboard; name = Base; path = Base.lproj/LaunchScreen.storyboard; sourceTree = "<group>"; };
		616917F128D0048F00071BD8 /* Info.plist */ = {isa = PBXFileReference; lastKnownFileType = text.plist.xml; path = Info.plist; sourceTree = "<group>"; };
		616917F628D0049000071BD8 /* FlixTests.xctest */ = {isa = PBXFileReference; explicitFileType = wrapper.cfbundle; includeInIndex = 0; path = FlixTests.xctest; sourceTree = BUILT_PRODUCTS_DIR; };
		616917FA28D0049000071BD8 /* FlixTests.swift */ = {isa = PBXFileReference; lastKnownFileType = sourcecode.swift; path = FlixTests.swift; sourceTree = "<group>"; };
		6169180028D0049000071BD8 /* FlixUITests.xctest */ = {isa = PBXFileReference; explicitFileType = wrapper.cfbundle; includeInIndex = 0; path = FlixUITests.xctest; sourceTree = BUILT_PRODUCTS_DIR; };
		6169180428D0049000071BD8 /* FlixUITests.swift */ = {isa = PBXFileReference; lastKnownFileType = sourcecode.swift; path = FlixUITests.swift; sourceTree = "<group>"; };
		6169180628D0049000071BD8 /* FlixUITestsLaunchTests.swift */ = {isa = PBXFileReference; lastKnownFileType = sourcecode.swift; path = FlixUITestsLaunchTests.swift; sourceTree = "<group>"; };
		6169181328D0D61500071BD8 /* MovieCell.swift */ = {isa = PBXFileReference; lastKnownFileType = sourcecode.swift; path = MovieCell.swift; sourceTree = "<group>"; };
		7CA9FBA2CC7CF862E7C2BAD2 /* Pods_Flix_FlixUITests.framework */ = {isa = PBXFileReference; explicitFileType = wrapper.framework; includeInIndex = 0; path = Pods_Flix_FlixUITests.framework; sourceTree = BUILT_PRODUCTS_DIR; };
		96A7DF1D22C7C18F6B758998 /* Pods-Flix.release.xcconfig */ = {isa = PBXFileReference; includeInIndex = 1; lastKnownFileType = text.xcconfig; name = "Pods-Flix.release.xcconfig"; path = "Target Support Files/Pods-Flix/Pods-Flix.release.xcconfig"; sourceTree = "<group>"; };
		CCA6CB80DB0A12D40AED82B7 /* Pods_Flix.framework */ = {isa = PBXFileReference; explicitFileType = wrapper.framework; includeInIndex = 0; path = Pods_Flix.framework; sourceTree = BUILT_PRODUCTS_DIR; };
		F9B1C37F44A2DA37513D872B /* Pods-Flix.debug.xcconfig */ = {isa = PBXFileReference; includeInIndex = 1; lastKnownFileType = text.xcconfig; name = "Pods-Flix.debug.xcconfig"; path = "Target Support Files/Pods-Flix/Pods-Flix.debug.xcconfig"; sourceTree = "<group>"; };
/* End PBXFileReference section */

/* Begin PBXFrameworksBuildPhase section */
		616917DD28D0048500071BD8 /* Frameworks */ = {
			isa = PBXFrameworksBuildPhase;
			buildActionMask = 2147483647;
			files = (
				6169181728D0E90B00071BD8 /* AlamofireImage in Frameworks */,
				21BDB8B26D9EB4D913BDC66F /* Pods_Flix.framework in Frameworks */,
			);
			runOnlyForDeploymentPostprocessing = 0;
		};
		616917F328D0049000071BD8 /* Frameworks */ = {
			isa = PBXFrameworksBuildPhase;
			buildActionMask = 2147483647;
			files = (
				6C981BCD2FC81D318799FFFF /* Pods_FlixTests.framework in Frameworks */,
			);
			runOnlyForDeploymentPostprocessing = 0;
		};
		616917FD28D0049000071BD8 /* Frameworks */ = {
			isa = PBXFrameworksBuildPhase;
			buildActionMask = 2147483647;
			files = (
				4C26B41C55EA4226DE172D13 /* Pods_Flix_FlixUITests.framework in Frameworks */,
			);
			runOnlyForDeploymentPostprocessing = 0;
		};
/* End PBXFrameworksBuildPhase section */

/* Begin PBXGroup section */
		0F65290221CBE9F12E5838C0 /* Frameworks */ = {
			isa = PBXGroup;
			children = (
				CCA6CB80DB0A12D40AED82B7 /* Pods_Flix.framework */,
				7CA9FBA2CC7CF862E7C2BAD2 /* Pods_Flix_FlixUITests.framework */,
				043EF1A6389F3E68816539DC /* Pods_FlixTests.framework */,
			);
			name = Frameworks;
			sourceTree = "<group>";
		};
		5154C1104A85E36880B9CA5E /* Pods */ = {
			isa = PBXGroup;
			children = (
				F9B1C37F44A2DA37513D872B /* Pods-Flix.debug.xcconfig */,
				96A7DF1D22C7C18F6B758998 /* Pods-Flix.release.xcconfig */,
				3727AB1EC752264A45CA6861 /* Pods-Flix-FlixUITests.debug.xcconfig */,
				1937DC87CCC073A47F348665 /* Pods-Flix-FlixUITests.release.xcconfig */,
				38070CB37B9CA166D47DADAD /* Pods-FlixTests.debug.xcconfig */,
				1A1686644B17529CD46FF911 /* Pods-FlixTests.release.xcconfig */,
			);
			path = Pods;
			sourceTree = "<group>";
		};
		616917D728D0048500071BD8 = {
			isa = PBXGroup;
			children = (
				616917E228D0048500071BD8 /* Flix */,
				616917F928D0049000071BD8 /* FlixTests */,
				6169180328D0049000071BD8 /* FlixUITests */,
				616917E128D0048500071BD8 /* Products */,
				5154C1104A85E36880B9CA5E /* Pods */,
				0F65290221CBE9F12E5838C0 /* Frameworks */,
			);
			sourceTree = "<group>";
		};
		616917E128D0048500071BD8 /* Products */ = {
			isa = PBXGroup;
			children = (
				616917E028D0048500071BD8 /* Flix.app */,
				616917F628D0049000071BD8 /* FlixTests.xctest */,
				6169180028D0049000071BD8 /* FlixUITests.xctest */,
			);
			name = Products;
			sourceTree = "<group>";
		};
		616917E228D0048500071BD8 /* Flix */ = {
			isa = PBXGroup;
			children = (
				616917E328D0048500071BD8 /* AppDelegate.swift */,
				616917E528D0048500071BD8 /* SceneDelegate.swift */,
				616917E728D0048500071BD8 /* MoviesViewController.swift */,
				616917E928D0048500071BD8 /* Main.storyboard */,
				612A15FF28D98AEA00BE5483 /* MoiveGridViewController.swift */,
				612A15FD28D9715400BE5483 /* MoiveDetailsViewController.swift */,
				616917EC28D0048F00071BD8 /* Assets.xcassets */,
				616917EE28D0048F00071BD8 /* LaunchScreen.storyboard */,
				616917F128D0048F00071BD8 /* Info.plist */,
				6169181328D0D61500071BD8 /* MovieCell.swift */,
				612A160128D98E3E00BE5483 /* MovieGridCell.swift */,
			);
			path = Flix;
			sourceTree = "<group>";
		};
		616917F928D0049000071BD8 /* FlixTests */ = {
			isa = PBXGroup;
			children = (
				616917FA28D0049000071BD8 /* FlixTests.swift */,
			);
			path = FlixTests;
			sourceTree = "<group>";
		};
		6169180328D0049000071BD8 /* FlixUITests */ = {
			isa = PBXGroup;
			children = (
				6169180428D0049000071BD8 /* FlixUITests.swift */,
				6169180628D0049000071BD8 /* FlixUITestsLaunchTests.swift */,
			);
			path = FlixUITests;
			sourceTree = "<group>";
		};
/* End PBXGroup section */

/* Begin PBXNativeTarget section */
		616917DF28D0048500071BD8 /* Flix */ = {
			isa = PBXNativeTarget;
			buildConfigurationList = 6169180A28D0049000071BD8 /* Build configuration list for PBXNativeTarget "Flix" */;
			buildPhases = (
				8E04B104ED49E5C4E12104FF /* [CP] Check Pods Manifest.lock */,
				616917DC28D0048500071BD8 /* Sources */,
				616917DD28D0048500071BD8 /* Frameworks */,
				616917DE28D0048500071BD8 /* Resources */,
				386E894ABC3B7DF3EA31BB9D /* [CP] Embed Pods Frameworks */,
			);
			buildRules = (
			);
			dependencies = (
			);
			name = Flix;
			packageProductDependencies = (
				6169181628D0E90B00071BD8 /* AlamofireImage */,
			);
			productName = Flix;
			productReference = 616917E028D0048500071BD8 /* Flix.app */;
			productType = "com.apple.product-type.application";
		};
		616917F528D0049000071BD8 /* FlixTests */ = {
			isa = PBXNativeTarget;
			buildConfigurationList = 6169180D28D0049000071BD8 /* Build configuration list for PBXNativeTarget "FlixTests" */;
			buildPhases = (
				4D6C8BF98E2334C3BA9AAF8D /* [CP] Check Pods Manifest.lock */,
				616917F228D0049000071BD8 /* Sources */,
				616917F328D0049000071BD8 /* Frameworks */,
				616917F428D0049000071BD8 /* Resources */,
			);
			buildRules = (
			);
			dependencies = (
				616917F828D0049000071BD8 /* PBXTargetDependency */,
			);
			name = FlixTests;
			productName = FlixTests;
			productReference = 616917F628D0049000071BD8 /* FlixTests.xctest */;
			productType = "com.apple.product-type.bundle.unit-test";
		};
		616917FF28D0049000071BD8 /* FlixUITests */ = {
			isa = PBXNativeTarget;
			buildConfigurationList = 6169181028D0049000071BD8 /* Build configuration list for PBXNativeTarget "FlixUITests" */;
			buildPhases = (
				3E475CCA8F86B358DB698A67 /* [CP] Check Pods Manifest.lock */,
				616917FC28D0049000071BD8 /* Sources */,
				616917FD28D0049000071BD8 /* Frameworks */,
				616917FE28D0049000071BD8 /* Resources */,
				6019F648696A317A8A45BACF /* [CP] Embed Pods Frameworks */,
			);
			buildRules = (
			);
			dependencies = (
				6169180228D0049000071BD8 /* PBXTargetDependency */,
			);
			name = FlixUITests;
			productName = FlixUITests;
			productReference = 6169180028D0049000071BD8 /* FlixUITests.xctest */;
			productType = "com.apple.product-type.bundle.ui-testing";
		};
/* End PBXNativeTarget section */

/* Begin PBXProject section */
		616917D828D0048500071BD8 /* Project object */ = {
			isa = PBXProject;
			attributes = {
				BuildIndependentTargetsInParallel = 1;
				LastSwiftUpdateCheck = 1340;
				LastUpgradeCheck = 1340;
				TargetAttributes = {
					616917DF28D0048500071BD8 = {
						CreatedOnToolsVersion = 13.4.1;
					};
					616917F528D0049000071BD8 = {
						CreatedOnToolsVersion = 13.4.1;
						TestTargetID = 616917DF28D0048500071BD8;
					};
					616917FF28D0049000071BD8 = {
						CreatedOnToolsVersion = 13.4.1;
						TestTargetID = 616917DF28D0048500071BD8;
					};
				};
			};
			buildConfigurationList = 616917DB28D0048500071BD8 /* Build configuration list for PBXProject "Flix" */;
			compatibilityVersion = "Xcode 13.0";
			developmentRegion = en;
			hasScannedForEncodings = 0;
			knownRegions = (
				en,
				Base,
			);
			mainGroup = 616917D728D0048500071BD8;
			packageReferences = (
				6169181528D0E90B00071BD8 /* XCRemoteSwiftPackageReference "AlamofireImage" */,
			);
			productRefGroup = 616917E128D0048500071BD8 /* Products */;
			projectDirPath = "";
			projectRoot = "";
			targets = (
				616917DF28D0048500071BD8 /* Flix */,
				616917F528D0049000071BD8 /* FlixTests */,
				616917FF28D0049000071BD8 /* FlixUITests */,
			);
		};
/* End PBXProject section */

/* Begin PBXResourcesBuildPhase section */
		616917DE28D0048500071BD8 /* Resources */ = {
			isa = PBXResourcesBuildPhase;
			buildActionMask = 2147483647;
			files = (
				616917F028D0048F00071BD8 /* LaunchScreen.storyboard in Resources */,
				616917ED28D0048F00071BD8 /* Assets.xcassets in Resources */,
				616917EB28D0048500071BD8 /* Main.storyboard in Resources */,
			);
			runOnlyForDeploymentPostprocessing = 0;
		};
		616917F428D0049000071BD8 /* Resources */ = {
			isa = PBXResourcesBuildPhase;
			buildActionMask = 2147483647;
			files = (
			);
			runOnlyForDeploymentPostprocessing = 0;
		};
		616917FE28D0049000071BD8 /* Resources */ = {
			isa = PBXResourcesBuildPhase;
			buildActionMask = 2147483647;
			files = (
			);
			runOnlyForDeploymentPostprocessing = 0;
		};
/* End PBXResourcesBuildPhase section */

/* Begin PBXShellScriptBuildPhase section */
		386E894ABC3B7DF3EA31BB9D /* [CP] Embed Pods Frameworks */ = {
			isa = PBXShellScriptBuildPhase;
			buildActionMask = 2147483647;
			files = (
			);
			inputFileListPaths = (
				"${PODS_ROOT}/Target Support Files/Pods-Flix/Pods-Flix-frameworks-${CONFIGURATION}-input-files.xcfilelist",
			);
			name = "[CP] Embed Pods Frameworks";
			outputFileListPaths = (
				"${PODS_ROOT}/Target Support Files/Pods-Flix/Pods-Flix-frameworks-${CONFIGURATION}-output-files.xcfilelist",
			);
			runOnlyForDeploymentPostprocessing = 0;
			shellPath = /bin/sh;
			shellScript = "\"${PODS_ROOT}/Target Support Files/Pods-Flix/Pods-Flix-frameworks.sh\"\n";
			showEnvVarsInLog = 0;
		};
		3E475CCA8F86B358DB698A67 /* [CP] Check Pods Manifest.lock */ = {
			isa = PBXShellScriptBuildPhase;
			buildActionMask = 2147483647;
			files = (
			);
			inputFileListPaths = (
			);
			inputPaths = (
				"${PODS_PODFILE_DIR_PATH}/Podfile.lock",
				"${PODS_ROOT}/Manifest.lock",
			);
			name = "[CP] Check Pods Manifest.lock";
			outputFileListPaths = (
			);
			outputPaths = (
				"$(DERIVED_FILE_DIR)/Pods-Flix-FlixUITests-checkManifestLockResult.txt",
			);
			runOnlyForDeploymentPostprocessing = 0;
			shellPath = /bin/sh;
			shellScript = "diff \"${PODS_PODFILE_DIR_PATH}/Podfile.lock\" \"${PODS_ROOT}/Manifest.lock\" > /dev/null\nif [ $? != 0 ] ; then\n    # print error to STDERR\n    echo \"error: The sandbox is not in sync with the Podfile.lock. Run 'pod install' or update your CocoaPods installation.\" >&2\n    exit 1\nfi\n# This output is used by Xcode 'outputs' to avoid re-running this script phase.\necho \"SUCCESS\" > \"${SCRIPT_OUTPUT_FILE_0}\"\n";
			showEnvVarsInLog = 0;
		};
		4D6C8BF98E2334C3BA9AAF8D /* [CP] Check Pods Manifest.lock */ = {
			isa = PBXShellScriptBuildPhase;
			buildActionMask = 2147483647;
			files = (
			);
			inputFileListPaths = (
			);
			inputPaths = (
				"${PODS_PODFILE_DIR_PATH}/Podfile.lock",
				"${PODS_ROOT}/Manifest.lock",
			);
			name = "[CP] Check Pods Manifest.lock";
			outputFileListPaths = (
			);
			outputPaths = (
				"$(DERIVED_FILE_DIR)/Pods-FlixTests-checkManifestLockResult.txt",
			);
			runOnlyForDeploymentPostprocessing = 0;
			shellPath = /bin/sh;
			shellScript = "diff \"${PODS_PODFILE_DIR_PATH}/Podfile.lock\" \"${PODS_ROOT}/Manifest.lock\" > /dev/null\nif [ $? != 0 ] ; then\n    # print error to STDERR\n    echo \"error: The sandbox is not in sync with the Podfile.lock. Run 'pod install' or update your CocoaPods installation.\" >&2\n    exit 1\nfi\n# This output is used by Xcode 'outputs' to avoid re-running this script phase.\necho \"SUCCESS\" > \"${SCRIPT_OUTPUT_FILE_0}\"\n";
			showEnvVarsInLog = 0;
		};
		6019F648696A317A8A45BACF /* [CP] Embed Pods Frameworks */ = {
			isa = PBXShellScriptBuildPhase;
			buildActionMask = 2147483647;
			files = (
			);
			inputFileListPaths = (
				"${PODS_ROOT}/Target Support Files/Pods-Flix-FlixUITests/Pods-Flix-FlixUITests-frameworks-${CONFIGURATION}-input-files.xcfilelist",
			);
			name = "[CP] Embed Pods Frameworks";
			outputFileListPaths = (
				"${PODS_ROOT}/Target Support Files/Pods-Flix-FlixUITests/Pods-Flix-FlixUITests-frameworks-${CONFIGURATION}-output-files.xcfilelist",
			);
			runOnlyForDeploymentPostprocessing = 0;
			shellPath = /bin/sh;
			shellScript = "\"${PODS_ROOT}/Target Support Files/Pods-Flix-FlixUITests/Pods-Flix-FlixUITests-frameworks.sh\"\n";
			showEnvVarsInLog = 0;
		};
		8E04B104ED49E5C4E12104FF /* [CP] Check Pods Manifest.lock */ = {
			isa = PBXShellScriptBuildPhase;
			buildActionMask = 2147483647;
			files = (
			);
			inputFileListPaths = (
			);
			inputPaths = (
				"${PODS_PODFILE_DIR_PATH}/Podfile.lock",
				"${PODS_ROOT}/Manifest.lock",
			);
			name = "[CP] Check Pods Manifest.lock";
			outputFileListPaths = (
			);
			outputPaths = (
				"$(DERIVED_FILE_DIR)/Pods-Flix-checkManifestLockResult.txt",
			);
			runOnlyForDeploymentPostprocessing = 0;
			shellPath = /bin/sh;
			shellScript = "diff \"${PODS_PODFILE_DIR_PATH}/Podfile.lock\" \"${PODS_ROOT}/Manifest.lock\" > /dev/null\nif [ $? != 0 ] ; then\n    # print error to STDERR\n    echo \"error: The sandbox is not in sync with the Podfile.lock. Run 'pod install' or update your CocoaPods installation.\" >&2\n    exit 1\nfi\n# This output is used by Xcode 'outputs' to avoid re-running this script phase.\necho \"SUCCESS\" > \"${SCRIPT_OUTPUT_FILE_0}\"\n";
			showEnvVarsInLog = 0;
		};
/* End PBXShellScriptBuildPhase section */

/* Begin PBXSourcesBuildPhase section */
		616917DC28D0048500071BD8 /* Sources */ = {
			isa = PBXSourcesBuildPhase;
			buildActionMask = 2147483647;
			files = (
				616917E828D0048500071BD8 /* MoviesViewController.swift in Sources */,
				612A160028D98AEA00BE5483 /* MoiveGridViewController.swift in Sources */,
				616917E428D0048500071BD8 /* AppDelegate.swift in Sources */,
				6169181428D0D61600071BD8 /* MovieCell.swift in Sources */,
				616917E628D0048500071BD8 /* SceneDelegate.swift in Sources */,
				612A15FE28D9715400BE5483 /* MoiveDetailsViewController.swift in Sources */,
				612A160228D98E3E00BE5483 /* MovieGridCell.swift in Sources */,
			);
			runOnlyForDeploymentPostprocessing = 0;
		};
		616917F228D0049000071BD8 /* Sources */ = {
			isa = PBXSourcesBuildPhase;
			buildActionMask = 2147483647;
			files = (
				616917FB28D0049000071BD8 /* FlixTests.swift in Sources */,
			);
			runOnlyForDeploymentPostprocessing = 0;
		};
		616917FC28D0049000071BD8 /* Sources */ = {
			isa = PBXSourcesBuildPhase;
			buildActionMask = 2147483647;
			files = (
				6169180528D0049000071BD8 /* FlixUITests.swift in Sources */,
				6169180728D0049000071BD8 /* FlixUITestsLaunchTests.swift in Sources */,
			);
			runOnlyForDeploymentPostprocessing = 0;
		};
/* End PBXSourcesBuildPhase section */

/* Begin PBXTargetDependency section */
		616917F828D0049000071BD8 /* PBXTargetDependency */ = {
			isa = PBXTargetDependency;
			target = 616917DF28D0048500071BD8 /* Flix */;
			targetProxy = 616917F728D0049000071BD8 /* PBXContainerItemProxy */;
		};
		6169180228D0049000071BD8 /* PBXTargetDependency */ = {
			isa = PBXTargetDependency;
			target = 616917DF28D0048500071BD8 /* Flix */;
			targetProxy = 6169180128D0049000071BD8 /* PBXContainerItemProxy */;
		};
/* End PBXTargetDependency section */

/* Begin PBXVariantGroup section */
		616917E928D0048500071BD8 /* Main.storyboard */ = {
			isa = PBXVariantGroup;
			children = (
				616917EA28D0048500071BD8 /* Base */,
			);
			name = Main.storyboard;
			sourceTree = "<group>";
		};
		616917EE28D0048F00071BD8 /* LaunchScreen.storyboard */ = {
			isa = PBXVariantGroup;
			children = (
				616917EF28D0048F00071BD8 /* Base */,
			);
			name = LaunchScreen.storyboard;
			sourceTree = "<group>";
		};
/* End PBXVariantGroup section */

/* Begin XCBuildConfiguration section */
		6169180828D0049000071BD8 /* Debug */ = {
			isa = XCBuildConfiguration;
			buildSettings = {
				ALWAYS_SEARCH_USER_PATHS = NO;
				CLANG_ANALYZER_NONNULL = YES;
				CLANG_ANALYZER_NUMBER_OBJECT_CONVERSION = YES_AGGRESSIVE;
				CLANG_CXX_LANGUAGE_STANDARD = "gnu++17";
				CLANG_ENABLE_MODULES = YES;
				CLANG_ENABLE_OBJC_ARC = YES;
				CLANG_ENABLE_OBJC_WEAK = YES;
				CLANG_WARN_BLOCK_CAPTURE_AUTORELEASING = YES;
				CLANG_WARN_BOOL_CONVERSION = YES;
				CLANG_WARN_COMMA = YES;
				CLANG_WARN_CONSTANT_CONVERSION = YES;
				CLANG_WARN_DEPRECATED_OBJC_IMPLEMENTATIONS = YES;
				CLANG_WARN_DIRECT_OBJC_ISA_USAGE = YES_ERROR;
				CLANG_WARN_DOCUMENTATION_COMMENTS = YES;
				CLANG_WARN_EMPTY_BODY = YES;
				CLANG_WARN_ENUM_CONVERSION = YES;
				CLANG_WARN_INFINITE_RECURSION = YES;
				CLANG_WARN_INT_CONVERSION = YES;
				CLANG_WARN_NON_LITERAL_NULL_CONVERSION = YES;
				CLANG_WARN_OBJC_IMPLICIT_RETAIN_SELF = YES;
				CLANG_WARN_OBJC_LITERAL_CONVERSION = YES;
				CLANG_WARN_OBJC_ROOT_CLASS = YES_ERROR;
				CLANG_WARN_QUOTED_INCLUDE_IN_FRAMEWORK_HEADER = YES;
				CLANG_WARN_RANGE_LOOP_ANALYSIS = YES;
				CLANG_WARN_STRICT_PROTOTYPES = YES;
				CLANG_WARN_SUSPICIOUS_MOVE = YES;
				CLANG_WARN_UNGUARDED_AVAILABILITY = YES_AGGRESSIVE;
				CLANG_WARN_UNREACHABLE_CODE = YES;
				CLANG_WARN__DUPLICATE_METHOD_MATCH = YES;
				COPY_PHASE_STRIP = NO;
				DEBUG_INFORMATION_FORMAT = dwarf;
				ENABLE_STRICT_OBJC_MSGSEND = YES;
				ENABLE_TESTABILITY = YES;
				GCC_C_LANGUAGE_STANDARD = gnu11;
				GCC_DYNAMIC_NO_PIC = NO;
				GCC_NO_COMMON_BLOCKS = YES;
				GCC_OPTIMIZATION_LEVEL = 0;
				GCC_PREPROCESSOR_DEFINITIONS = (
					"DEBUG=1",
					"$(inherited)",
				);
				GCC_WARN_64_TO_32_BIT_CONVERSION = YES;
				GCC_WARN_ABOUT_RETURN_TYPE = YES_ERROR;
				GCC_WARN_UNDECLARED_SELECTOR = YES;
				GCC_WARN_UNINITIALIZED_AUTOS = YES_AGGRESSIVE;
				GCC_WARN_UNUSED_FUNCTION = YES;
				GCC_WARN_UNUSED_VARIABLE = YES;
				IPHONEOS_DEPLOYMENT_TARGET = 15.5;
				MTL_ENABLE_DEBUG_INFO = INCLUDE_SOURCE;
				MTL_FAST_MATH = YES;
				ONLY_ACTIVE_ARCH = YES;
				SDKROOT = iphoneos;
				SWIFT_ACTIVE_COMPILATION_CONDITIONS = DEBUG;
				SWIFT_OPTIMIZATION_LEVEL = "-Onone";
			};
			name = Debug;
		};
		6169180928D0049000071BD8 /* Release */ = {
			isa = XCBuildConfiguration;
			buildSettings = {
				ALWAYS_SEARCH_USER_PATHS = NO;
				CLANG_ANALYZER_NONNULL = YES;
				CLANG_ANALYZER_NUMBER_OBJECT_CONVERSION = YES_AGGRESSIVE;
				CLANG_CXX_LANGUAGE_STANDARD = "gnu++17";
				CLANG_ENABLE_MODULES = YES;
				CLANG_ENABLE_OBJC_ARC = YES;
				CLANG_ENABLE_OBJC_WEAK = YES;
				CLANG_WARN_BLOCK_CAPTURE_AUTORELEASING = YES;
				CLANG_WARN_BOOL_CONVERSION = YES;
				CLANG_WARN_COMMA = YES;
				CLANG_WARN_CONSTANT_CONVERSION = YES;
				CLANG_WARN_DEPRECATED_OBJC_IMPLEMENTATIONS = YES;
				CLANG_WARN_DIRECT_OBJC_ISA_USAGE = YES_ERROR;
				CLANG_WARN_DOCUMENTATION_COMMENTS = YES;
				CLANG_WARN_EMPTY_BODY = YES;
				CLANG_WARN_ENUM_CONVERSION = YES;
				CLANG_WARN_INFINITE_RECURSION = YES;
				CLANG_WARN_INT_CONVERSION = YES;
				CLANG_WARN_NON_LITERAL_NULL_CONVERSION = YES;
				CLANG_WARN_OBJC_IMPLICIT_RETAIN_SELF = YES;
				CLANG_WARN_OBJC_LITERAL_CONVERSION = YES;
				CLANG_WARN_OBJC_ROOT_CLASS = YES_ERROR;
				CLANG_WARN_QUOTED_INCLUDE_IN_FRAMEWORK_HEADER = YES;
				CLANG_WARN_RANGE_LOOP_ANALYSIS = YES;
				CLANG_WARN_STRICT_PROTOTYPES = YES;
				CLANG_WARN_SUSPICIOUS_MOVE = YES;
				CLANG_WARN_UNGUARDED_AVAILABILITY = YES_AGGRESSIVE;
				CLANG_WARN_UNREACHABLE_CODE = YES;
				CLANG_WARN__DUPLICATE_METHOD_MATCH = YES;
				COPY_PHASE_STRIP = NO;
				DEBUG_INFORMATION_FORMAT = "dwarf-with-dsym";
				ENABLE_NS_ASSERTIONS = NO;
				ENABLE_STRICT_OBJC_MSGSEND = YES;
				GCC_C_LANGUAGE_STANDARD = gnu11;
				GCC_NO_COMMON_BLOCKS = YES;
				GCC_WARN_64_TO_32_BIT_CONVERSION = YES;
				GCC_WARN_ABOUT_RETURN_TYPE = YES_ERROR;
				GCC_WARN_UNDECLARED_SELECTOR = YES;
				GCC_WARN_UNINITIALIZED_AUTOS = YES_AGGRESSIVE;
				GCC_WARN_UNUSED_FUNCTION = YES;
				GCC_WARN_UNUSED_VARIABLE = YES;
				IPHONEOS_DEPLOYMENT_TARGET = 15.5;
				MTL_ENABLE_DEBUG_INFO = NO;
				MTL_FAST_MATH = YES;
				SDKROOT = iphoneos;
				SWIFT_COMPILATION_MODE = wholemodule;
				SWIFT_OPTIMIZATION_LEVEL = "-O";
				VALIDATE_PRODUCT = YES;
			};
			name = Release;
		};
		6169180B28D0049000071BD8 /* Debug */ = {
			isa = XCBuildConfiguration;
			baseConfigurationReference = F9B1C37F44A2DA37513D872B /* Pods-Flix.debug.xcconfig */;
			buildSettings = {
				ASSETCATALOG_COMPILER_APPICON_NAME = AppIcon;
				ASSETCATALOG_COMPILER_GLOBAL_ACCENT_COLOR_NAME = AccentColor;
				CODE_SIGN_STYLE = Automatic;
				CURRENT_PROJECT_VERSION = 1;
				DEVELOPMENT_TEAM = 4K2M79R4MA;
				GENERATE_INFOPLIST_FILE = YES;
				INFOPLIST_FILE = Flix/Info.plist;
				INFOPLIST_KEY_UIApplicationSupportsIndirectInputEvents = YES;
				INFOPLIST_KEY_UILaunchStoryboardName = LaunchScreen;
				INFOPLIST_KEY_UIMainStoryboardFile = Main;
				INFOPLIST_KEY_UISupportedInterfaceOrientations_iPad = "UIInterfaceOrientationPortrait UIInterfaceOrientationPortraitUpsideDown UIInterfaceOrientationLandscapeLeft UIInterfaceOrientationLandscapeRight";
				INFOPLIST_KEY_UISupportedInterfaceOrientations_iPhone = "UIInterfaceOrientationPortrait UIInterfaceOrientationLandscapeLeft UIInterfaceOrientationLandscapeRight";
				LD_RUNPATH_SEARCH_PATHS = (
					"$(inherited)",
					"@executable_path/Frameworks",
				);
				MARKETING_VERSION = 1.0;
				PRODUCT_BUNDLE_IDENTIFIER = com.codepath.Flix;
				PRODUCT_NAME = "$(TARGET_NAME)";
				SWIFT_EMIT_LOC_STRINGS = YES;
				SWIFT_VERSION = 5.0;
				TARGETED_DEVICE_FAMILY = "1,2";
			};
			name = Debug;
		};
		6169180C28D0049000071BD8 /* Release */ = {
			isa = XCBuildConfiguration;
			baseConfigurationReference = 96A7DF1D22C7C18F6B758998 /* Pods-Flix.release.xcconfig */;
			buildSettings = {
				ASSETCATALOG_COMPILER_APPICON_NAME = AppIcon;
				ASSETCATALOG_COMPILER_GLOBAL_ACCENT_COLOR_NAME = AccentColor;
				CODE_SIGN_STYLE = Automatic;
				CURRENT_PROJECT_VERSION = 1;
				DEVELOPMENT_TEAM = 4K2M79R4MA;
				GENERATE_INFOPLIST_FILE = YES;
				INFOPLIST_FILE = Flix/Info.plist;
				INFOPLIST_KEY_UIApplicationSupportsIndirectInputEvents = YES;
				INFOPLIST_KEY_UILaunchStoryboardName = LaunchScreen;
				INFOPLIST_KEY_UIMainStoryboardFile = Main;
				INFOPLIST_KEY_UISupportedInterfaceOrientations_iPad = "UIInterfaceOrientationPortrait UIInterfaceOrientationPortraitUpsideDown UIInterfaceOrientationLandscapeLeft UIInterfaceOrientationLandscapeRight";
				INFOPLIST_KEY_UISupportedInterfaceOrientations_iPhone = "UIInterfaceOrientationPortrait UIInterfaceOrientationLandscapeLeft UIInterfaceOrientationLandscapeRight";
				LD_RUNPATH_SEARCH_PATHS = (
					"$(inherited)",
					"@executable_path/Frameworks",
				);
				MARKETING_VERSION = 1.0;
				PRODUCT_BUNDLE_IDENTIFIER = com.codepath.Flix;
				PRODUCT_NAME = "$(TARGET_NAME)";
				SWIFT_EMIT_LOC_STRINGS = YES;
				SWIFT_VERSION = 5.0;
				TARGETED_DEVICE_FAMILY = "1,2";
			};
			name = Release;
		};
		6169180E28D0049000071BD8 /* Debug */ = {
			isa = XCBuildConfiguration;
			baseConfigurationReference = 38070CB37B9CA166D47DADAD /* Pods-FlixTests.debug.xcconfig */;
			buildSettings = {
				ALWAYS_EMBED_SWIFT_STANDARD_LIBRARIES = YES;
				BUNDLE_LOADER = "$(TEST_HOST)";
				CODE_SIGN_STYLE = Automatic;
				CURRENT_PROJECT_VERSION = 1;
				DEVELOPMENT_TEAM = 4K2M79R4MA;
				GENERATE_INFOPLIST_FILE = YES;
				IPHONEOS_DEPLOYMENT_TARGET = 15.5;
				MARKETING_VERSION = 1.0;
				PRODUCT_BUNDLE_IDENTIFIER = com.codepath.FlixTests;
				PRODUCT_NAME = "$(TARGET_NAME)";
				SWIFT_EMIT_LOC_STRINGS = NO;
				SWIFT_VERSION = 5.0;
				TARGETED_DEVICE_FAMILY = "1,2";
				TEST_HOST = "$(BUILT_PRODUCTS_DIR)/Flix.app/Flix";
			};
			name = Debug;
		};
		6169180F28D0049000071BD8 /* Release */ = {
			isa = XCBuildConfiguration;
			baseConfigurationReference = 1A1686644B17529CD46FF911 /* Pods-FlixTests.release.xcconfig */;
			buildSettings = {
				ALWAYS_EMBED_SWIFT_STANDARD_LIBRARIES = YES;
				BUNDLE_LOADER = "$(TEST_HOST)";
				CODE_SIGN_STYLE = Automatic;
				CURRENT_PROJECT_VERSION = 1;
				DEVELOPMENT_TEAM = 4K2M79R4MA;
				GENERATE_INFOPLIST_FILE = YES;
				IPHONEOS_DEPLOYMENT_TARGET = 15.5;
				MARKETING_VERSION = 1.0;
				PRODUCT_BUNDLE_IDENTIFIER = com.codepath.FlixTests;
				PRODUCT_NAME = "$(TARGET_NAME)";
				SWIFT_EMIT_LOC_STRINGS = NO;
				SWIFT_VERSION = 5.0;
				TARGETED_DEVICE_FAMILY = "1,2";
				TEST_HOST = "$(BUILT_PRODUCTS_DIR)/Flix.app/Flix";
			};
			name = Release;
		};
		6169181128D0049000071BD8 /* Debug */ = {
			isa = XCBuildConfiguration;
			baseConfigurationReference = 3727AB1EC752264A45CA6861 /* Pods-Flix-FlixUITests.debug.xcconfig */;
			buildSettings = {
				ALWAYS_EMBED_SWIFT_STANDARD_LIBRARIES = YES;
				CODE_SIGN_STYLE = Automatic;
				CURRENT_PROJECT_VERSION = 1;
				DEVELOPMENT_TEAM = 4K2M79R4MA;
				GENERATE_INFOPLIST_FILE = YES;
				MARKETING_VERSION = 1.0;
				PRODUCT_BUNDLE_IDENTIFIER = com.codepath.FlixUITests;
				PRODUCT_NAME = "$(TARGET_NAME)";
				SWIFT_EMIT_LOC_STRINGS = NO;
				SWIFT_VERSION = 5.0;
				TARGETED_DEVICE_FAMILY = "1,2";
				TEST_TARGET_NAME = Flix;
			};
			name = Debug;
		};
		6169181228D0049000071BD8 /* Release */ = {
			isa = XCBuildConfiguration;
			baseConfigurationReference = 1937DC87CCC073A47F348665 /* Pods-Flix-FlixUITests.release.xcconfig */;
			buildSettings = {
				ALWAYS_EMBED_SWIFT_STANDARD_LIBRARIES = YES;
				CODE_SIGN_STYLE = Automatic;
				CURRENT_PROJECT_VERSION = 1;
				DEVELOPMENT_TEAM = 4K2M79R4MA;
				GENERATE_INFOPLIST_FILE = YES;
				MARKETING_VERSION = 1.0;
				PRODUCT_BUNDLE_IDENTIFIER = com.codepath.FlixUITests;
				PRODUCT_NAME = "$(TARGET_NAME)";
				SWIFT_EMIT_LOC_STRINGS = NO;
				SWIFT_VERSION = 5.0;
				TARGETED_DEVICE_FAMILY = "1,2";
				TEST_TARGET_NAME = Flix;
			};
			name = Release;
		};
/* End XCBuildConfiguration section */

/* Begin XCConfigurationList section */
		616917DB28D0048500071BD8 /* Build configuration list for PBXProject "Flix" */ = {
			isa = XCConfigurationList;
			buildConfigurations = (
				6169180828D0049000071BD8 /* Debug */,
				6169180928D0049000071BD8 /* Release */,
			);
			defaultConfigurationIsVisible = 0;
			defaultConfigurationName = Release;
		};
		6169180A28D0049000071BD8 /* Build configuration list for PBXNativeTarget "Flix" */ = {
			isa = XCConfigurationList;
			buildConfigurations = (
				6169180B28D0049000071BD8 /* Debug */,
				6169180C28D0049000071BD8 /* Release */,
			);
			defaultConfigurationIsVisible = 0;
			defaultConfigurationName = Release;
		};
		6169180D28D0049000071BD8 /* Build configuration list for PBXNativeTarget "FlixTests" */ = {
			isa = XCConfigurationList;
			buildConfigurations = (
				6169180E28D0049000071BD8 /* Debug */,
				6169180F28D0049000071BD8 /* Release */,
			);
			defaultConfigurationIsVisible = 0;
			defaultConfigurationName = Release;
		};
		6169181028D0049000071BD8 /* Build configuration list for PBXNativeTarget "FlixUITests" */ = {
			isa = XCConfigurationList;
			buildConfigurations = (
				6169181128D0049000071BD8 /* Debug */,
				6169181228D0049000071BD8 /* Release */,
			);
			defaultConfigurationIsVisible = 0;
			defaultConfigurationName = Release;
		};
/* End XCConfigurationList section */

/* Begin XCRemoteSwiftPackageReference section */
		6169181528D0E90B00071BD8 /* XCRemoteSwiftPackageReference "AlamofireImage" */ = {
			isa = XCRemoteSwiftPackageReference;
			repositoryURL = "https://github.com/Alamofire/AlamofireImage";
			requirement = {
				kind = upToNextMajorVersion;
				minimumVersion = 4.0.0;
			};
		};
/* End XCRemoteSwiftPackageReference section */

/* Begin XCSwiftPackageProductDependency section */
		6169181628D0E90B00071BD8 /* AlamofireImage */ = {
			isa = XCSwiftPackageProductDependency;
			package = 6169181528D0E90B00071BD8 /* XCRemoteSwiftPackageReference "AlamofireImage" */;
			productName = AlamofireImage;
		};
/* End XCSwiftPackageProductDependency section */
	};
	rootObject = 616917D828D0048500071BD8 /* Project object */;
}
